
Microsoft Visual Studio Solution File, Format Version 12.00
# Visual Studio Version 17
VisualStudioVersion = 17.1.32421.90
MinimumVisualStudioVersion = 10.0.40219.1
Project("{9A19103F-16F7-4668-BE54-9A1E7A4F7556}") = "CoronaAPP", "CoronaAPP\CoronaAPP.csproj", "{E473BB8C-0ED9-4F1E-A83B-342F454BEC84}"
EndProject
Project("{2150E333-8FDC-42A3-9474-1A3956D46DE8}") = "Solution Items", "Solution Items", "{AB947790-2F32-4910-B270-27FFE48F322D}"
EndProject
Global
	GlobalSection(SolutionConfigurationPlatforms) = preSolution
		Debug|Any CPU = Debug|Any CPU
		Release|Any CPU = Release|Any CPU
	EndGlobalSection
	GlobalSection(ProjectConfigurationPlatforms) = postSolution
		{E473BB8C-0ED9-4F1E-A83B-342F454BEC84}.Debug|Any CPU.ActiveCfg = Debug|Any CPU
		{E473BB8C-0ED9-4F1E-A83B-342F454BEC84}.Debug|Any CPU.Build.0 = Debug|Any CPU
		{E473BB8C-0ED9-4F1E-A83B-342F454BEC84}.Release|Any CPU.ActiveCfg = Release|Any CPU
		{E473BB8C-0ED9-4F1E-A83B-342F454BEC84}.Release|Any CPU.Build.0 = Release|Any CPU
	EndGlobalSection
	GlobalSection(SolutionProperties) = preSolution
		HideSolutionNode = FALSE
	EndGlobalSection
	GlobalSection(ExtensibilityGlobals) = postSolution
		SolutionGuid = {B2A72E5E-369D-4270-AA78-DB6145EECD7C}
	EndGlobalSection
EndGlobal
